
Microsoft Visual Studio Solution File, Format Version 12.00
# Visual Studio Version 17
VisualStudioVersion = 17.14.36511.14
MinimumVisualStudioVersion = 10.0.40219.1
Project("{FAE04EC0-301F-11D3-BF4B-00C04F79EFBC}") = "EFProject", "EFProject.csproj", "{735BC070-2E8A-400A-8E82-F1F151AF84F7}"
EndProject
Global
	GlobalSection(SolutionConfigurationPlatforms) = preSolution
		Debug|Any CPU = Debug|Any CPU
		Release|Any CPU = Release|Any CPU
	EndGlobalSection
	GlobalSection(ProjectConfigurationPlatforms) = postSolution
		{735BC070-2E8A-400A-8E82-F1F151AF84F7}.Debug|Any CPU.ActiveCfg = Debug|Any CPU
		{735BC070-2E8A-400A-8E82-F1F151AF84F7}.Debug|Any CPU.Build.0 = Debug|Any CPU
		{735BC070-2E8A-400A-8E82-F1F151AF84F7}.Release|Any CPU.ActiveCfg = Release|Any CPU
		{735BC070-2E8A-400A-8E82-F1F151AF84F7}.Release|Any CPU.Build.0 = Release|Any CPU
	EndGlobalSection
	GlobalSection(SolutionProperties) = preSolution
		HideSolutionNode = FALSE
	EndGlobalSection
	GlobalSection(ExtensibilityGlobals) = postSolution
		SolutionGuid = {BF8C6A1C-F6B6-4928-8FAE-CC0887D8234D}
	EndGlobalSection
EndGlobal
